
Microsoft Visual Studio Solution File, Format Version 12.00
# Visual Studio 15
VisualStudioVersion = 15.0.27703.2035
MinimumVisualStudioVersion = 10.0.40219.1
Project("{FAE04EC0-301F-11D3-BF4B-00C04F79EFBC}") = "WpfApp2", "WpfApp2\WpfApp2.csproj", "{975A4BC2-25E4-4249-8D0B-E3A1A5DB5C6C}"
EndProject
Project("{2150E333-8FDC-42A3-9474-1A3956D46DE8}") = "Solution Items", "Solution Items", "{B5C11455-CE5B-471A-A9FC-4803656063F3}"
	ProjectSection(SolutionItems) = preProject
		..\..\WpfDocking-master\WpfDocking-master\Samples\Docking\CSharp\DockSample\XamlWriter.cs = ..\..\WpfDocking-master\WpfDocking-master\Samples\Docking\CSharp\DockSample\XamlWriter.cs
		..\..\WpfDocking-master\WpfDocking-master\Samples\Docking\CSharp\DockSample\XamlWriter.NamespaceCache.cs = ..\..\WpfDocking-master\WpfDocking-master\Samples\Docking\CSharp\DockSample\XamlWriter.NamespaceCache.cs
		..\..\WpfDocking-master\WpfDocking-master\Samples\Docking\CSharp\DockSample\XamlWriter.NamespaceMap.cs = ..\..\WpfDocking-master\WpfDocking-master\Samples\Docking\CSharp\DockSample\XamlWriter.NamespaceMap.cs
	EndProjectSection
EndProject
Project("{FAE04EC0-301F-11D3-BF4B-00C04F79EFBC}") = "Explorer", "Explorer_GDB\mgen_simpleExplorer\Explorer.csproj", "{82C2CA3C-5671-417A-98B7-548926EA4092}"
EndProject
Global
	GlobalSection(SolutionConfigurationPlatforms) = preSolution
		Debug|Any CPU = Debug|Any CPU
		Release|Any CPU = Release|Any CPU
	EndGlobalSection
	GlobalSection(ProjectConfigurationPlatforms) = postSolution
		{975A4BC2-25E4-4249-8D0B-E3A1A5DB5C6C}.Debug|Any CPU.ActiveCfg = Debug|Any CPU
		{975A4BC2-25E4-4249-8D0B-E3A1A5DB5C6C}.Debug|Any CPU.Build.0 = Debug|Any CPU
		{975A4BC2-25E4-4249-8D0B-E3A1A5DB5C6C}.Release|Any CPU.ActiveCfg = Release|Any CPU
		{975A4BC2-25E4-4249-8D0B-E3A1A5DB5C6C}.Release|Any CPU.Build.0 = Release|Any CPU
		{82C2CA3C-5671-417A-98B7-548926EA4092}.Debug|Any CPU.ActiveCfg = Debug|Any CPU
		{82C2CA3C-5671-417A-98B7-548926EA4092}.Debug|Any CPU.Build.0 = Debug|Any CPU
		{82C2CA3C-5671-417A-98B7-548926EA4092}.Release|Any CPU.ActiveCfg = Release|Any CPU
		{82C2CA3C-5671-417A-98B7-548926EA4092}.Release|Any CPU.Build.0 = Release|Any CPU
	EndGlobalSection
	GlobalSection(SolutionProperties) = preSolution
		HideSolutionNode = FALSE
	EndGlobalSection
	GlobalSection(ExtensibilityGlobals) = postSolution
		SolutionGuid = {EAD72DA4-B1E0-43E6-A8F2-C448059586F0}
	EndGlobalSection
EndGlobal
